Microsoft Visual Studio Solution File, Format Version 12.00
# Visual Studio Version 17
VisualStudioVersion = 17.5.2.0
MinimumVisualStudioVersion = 10.0.40219.1
Project("{FAE04EC0-301F-11D3-BF4B-00C04F79EFBC}") = "Desktop_client_api_kod", "Desktop_client_api_kod.csproj", "{5C3F8F51-2598-1F8E-779D-2F1048122471}"
EndProject
Global
	GlobalSection(SolutionConfigurationPlatforms) = preSolution
		Debug|Any CPU = Debug|Any CPU
		Release|Any CPU = Release|Any CPU
	EndGlobalSection
	GlobalSection(ProjectConfigurationPlatforms) = postSolution
		{5C3F8F51-2598-1F8E-779D-2F1048122471}.Debug|Any CPU.ActiveCfg = Debug|Any CPU
		{5C3F8F51-2598-1F8E-779D-2F1048122471}.Debug|Any CPU.Build.0 = Debug|Any CPU
		{5C3F8F51-2598-1F8E-779D-2F1048122471}.Release|Any CPU.ActiveCfg = Release|Any CPU
		{5C3F8F51-2598-1F8E-779D-2F1048122471}.Release|Any CPU.Build.0 = Release|Any CPU
	EndGlobalSection
	GlobalSection(SolutionProperties) = preSolution
		HideSolutionNode = FALSE
	EndGlobalSection
	GlobalSection(ExtensibilityGlobals) = postSolution
		SolutionGuid = {B8632E92-96BD-418F-A69C-7504C056AC18}
	EndGlobalSection
EndGlobal
